
Microsoft Visual Studio Solution File, Format Version 12.00
# Visual Studio Version 16
VisualStudioVersion = 16.0.30621.155
MinimumVisualStudioVersion = 10.0.40219.1
Project("{FAE04EC0-301F-11D3-BF4B-00C04F79EFBC}") = "Assessment_SlipStream.Api", "Assessment_SlipStream.Api\Assessment_SlipStream.Api.csproj", "{4EA03B84-0F60-4F1D-ABBB-BBFFAA0BEFCD}"
EndProject
Project("{FAE04EC0-301F-11D3-BF4B-00C04F79EFBC}") = "Assessment_SlipStream.BAL", "Assessment_SlipStream.BL\Assessment_SlipStream.BAL.csproj", "{22F02C4F-455E-479A-B169-DA12555B4FDD}"
EndProject
Project("{FAE04EC0-301F-11D3-BF4B-00C04F79EFBC}") = "Assessment_SlipStream.DAL", "Assessment_SlipStream.DAL\Assessment_SlipStream.DAL.csproj", "{18BDD625-10A0-4932-9794-D467BCDAE1AF}"
EndProject
Project("{FAE04EC0-301F-11D3-BF4B-00C04F79EFBC}") = "Assessment_SlipStream.Common", "Assessment_SlipStream.Common\Assessment_SlipStream.Common.csproj", "{A7F79FED-9954-44A0-A1BE-0A7F76823F6A}"
EndProject
Project("{FAE04EC0-301F-11D3-BF4B-00C04F79EFBC}") = "Assessment_SlipStream.Web", "Assessment_SlipStream.Web\Assessment_SlipStream.Web.csproj", "{8E5074FC-9CCF-41A5-A474-ED32F26284DE}"
EndProject
Global
	GlobalSection(SolutionConfigurationPlatforms) = preSolution
		Debug|Any CPU = Debug|Any CPU
		Release|Any CPU = Release|Any CPU
	EndGlobalSection
	GlobalSection(ProjectConfigurationPlatforms) = postSolution
		{4EA03B84-0F60-4F1D-ABBB-BBFFAA0BEFCD}.Debug|Any CPU.ActiveCfg = Debug|Any CPU
		{4EA03B84-0F60-4F1D-ABBB-BBFFAA0BEFCD}.Debug|Any CPU.Build.0 = Debug|Any CPU
		{4EA03B84-0F60-4F1D-ABBB-BBFFAA0BEFCD}.Release|Any CPU.ActiveCfg = Release|Any CPU
		{4EA03B84-0F60-4F1D-ABBB-BBFFAA0BEFCD}.Release|Any CPU.Build.0 = Release|Any CPU
		{22F02C4F-455E-479A-B169-DA12555B4FDD}.Debug|Any CPU.ActiveCfg = Debug|Any CPU
		{22F02C4F-455E-479A-B169-DA12555B4FDD}.Debug|Any CPU.Build.0 = Debug|Any CPU
		{22F02C4F-455E-479A-B169-DA12555B4FDD}.Release|Any CPU.ActiveCfg = Release|Any CPU
		{22F02C4F-455E-479A-B169-DA12555B4FDD}.Release|Any CPU.Build.0 = Release|Any CPU
		{18BDD625-10A0-4932-9794-D467BCDAE1AF}.Debug|Any CPU.ActiveCfg = Debug|Any CPU
		{18BDD625-10A0-4932-9794-D467BCDAE1AF}.Debug|Any CPU.Build.0 = Debug|Any CPU
		{18BDD625-10A0-4932-9794-D467BCDAE1AF}.Release|Any CPU.ActiveCfg = Release|Any CPU
		{18BDD625-10A0-4932-9794-D467BCDAE1AF}.Release|Any CPU.Build.0 = Release|Any CPU
		{A7F79FED-9954-44A0-A1BE-0A7F76823F6A}.Debug|Any CPU.ActiveCfg = Debug|Any CPU
		{A7F79FED-9954-44A0-A1BE-0A7F76823F6A}.Debug|Any CPU.Build.0 = Debug|Any CPU
		{A7F79FED-9954-44A0-A1BE-0A7F76823F6A}.Release|Any CPU.ActiveCfg = Release|Any CPU
		{A7F79FED-9954-44A0-A1BE-0A7F76823F6A}.Release|Any CPU.Build.0 = Release|Any CPU
		{8E5074FC-9CCF-41A5-A474-ED32F26284DE}.Debug|Any CPU.ActiveCfg = Debug|Any CPU
		{8E5074FC-9CCF-41A5-A474-ED32F26284DE}.Debug|Any CPU.Build.0 = Debug|Any CPU
		{8E5074FC-9CCF-41A5-A474-ED32F26284DE}.Release|Any CPU.ActiveCfg = Release|Any CPU
		{8E5074FC-9CCF-41A5-A474-ED32F26284DE}.Release|Any CPU.Build.0 = Release|Any CPU
	EndGlobalSection
	GlobalSection(SolutionProperties) = preSolution
		HideSolutionNode = FALSE
	EndGlobalSection
	GlobalSection(ExtensibilityGlobals) = postSolution
		SolutionGuid = {2E659722-1B4B-4759-A8DB-F69F40AA31EF}
	EndGlobalSection
EndGlobal
